
Microsoft Visual Studio Solution File, Format Version 12.00
# Visual Studio Version 17
VisualStudioVersion = 17.7.34009.444
MinimumVisualStudioVersion = 10.0.40219.1
Project("{FAE04EC0-301F-11D3-BF4B-00C04F79EFBC}") = "BartenderIntegration.API", "BartenderIntegration.API\BartenderIntegration.API.csproj", "{DD566089-5266-4EA6-B60A-BE66456469B3}"
EndProject
Project("{FAE04EC0-301F-11D3-BF4B-00C04F79EFBC}") = "BartenderIntegration.Infrastructure", "BartenderIntegration.Infrastructure\BartenderIntegration.Infrastructure.csproj", "{70A23607-7FB0-4EAF-8EA0-9DFDC9D536D0}"
EndProject
Global
	GlobalSection(SolutionConfigurationPlatforms) = preSolution
		Debug|Any CPU = Debug|Any CPU
		Release|Any CPU = Release|Any CPU
	EndGlobalSection
	GlobalSection(ProjectConfigurationPlatforms) = postSolution
		{DD566089-5266-4EA6-B60A-BE66456469B3}.Debug|Any CPU.ActiveCfg = Debug|Any CPU
		{DD566089-5266-4EA6-B60A-BE66456469B3}.Debug|Any CPU.Build.0 = Debug|Any CPU
		{DD566089-5266-4EA6-B60A-BE66456469B3}.Release|Any CPU.ActiveCfg = Release|Any CPU
		{DD566089-5266-4EA6-B60A-BE66456469B3}.Release|Any CPU.Build.0 = Release|Any CPU
		{70A23607-7FB0-4EAF-8EA0-9DFDC9D536D0}.Debug|Any CPU.ActiveCfg = Debug|Any CPU
		{70A23607-7FB0-4EAF-8EA0-9DFDC9D536D0}.Debug|Any CPU.Build.0 = Debug|Any CPU
		{70A23607-7FB0-4EAF-8EA0-9DFDC9D536D0}.Release|Any CPU.ActiveCfg = Release|Any CPU
		{70A23607-7FB0-4EAF-8EA0-9DFDC9D536D0}.Release|Any CPU.Build.0 = Release|Any CPU
	EndGlobalSection
	GlobalSection(SolutionProperties) = preSolution
		HideSolutionNode = FALSE
	EndGlobalSection
	GlobalSection(ExtensibilityGlobals) = postSolution
		SolutionGuid = {6C3BAFA8-F888-4018-B248-275DFD125763}
	EndGlobalSection
EndGlobal
